// !$*UTF8*$!
{
	archiveVersion = 1;
	classes = {
	};
	objectVersion = 46;
	objects = {

/* Begin PBXBuildFile section */
		3F875ABD179858BD00827786 /* CowController.m in Sources */ = {isa = PBXBuildFile; fileRef = 3F875ABC179858BD00827786 /* CowController.m */; };
		3FDC392E17983CF400638467 /* UIKit.framework in Frameworks */ = {isa = PBXBuildFile; fileRef = 3FDC392D17983CF400638467 /* UIKit.framework */; };
		3FDC393017983CF400638467 /* Foundation.framework in Frameworks */ = {isa = PBXBuildFile; fileRef = 3FDC392F17983CF400638467 /* Foundation.framework */; };
		3FDC393217983CF400638467 /* CoreGraphics.framework in Frameworks */ = {isa = PBXBuildFile; fileRef = 3FDC393117983CF400638467 /* CoreGraphics.framework */; };
		3FDC393817983CF400638467 /* InfoPlist.strings in Resources */ = {isa = PBXBuildFile; fileRef = 3FDC393617983CF400638467 /* InfoPlist.strings */; };
		3FDC393A17983CF400638467 /* main.m in Sources */ = {isa = PBXBuildFile; fileRef = 3FDC393917983CF400638467 /* main.m */; };
		3FDC393E17983CF400638467 /* AppDelegate.m in Sources */ = {isa = PBXBuildFile; fileRef = 3FDC393D17983CF400638467 /* AppDelegate.m */; };
		3FDC394017983CF400638467 /* Default.png in Resources */ = {isa = PBXBuildFile; fileRef = 3FDC393F17983CF400638467 /* Default.png */; };
		3FDC394217983CF400638467 /* Default@2x.png in Resources */ = {isa = PBXBuildFile; fileRef = 3FDC394117983CF400638467 /* Default@2x.png */; };
		3FDC394417983CF400638467 /* Default-568h@2x.png in Resources */ = {isa = PBXBuildFile; fileRef = 3FDC394317983CF400638467 /* Default-568h@2x.png */; };
		3FDC394717983CF400638467 /* ViewController.m in Sources */ = {isa = PBXBuildFile; fileRef = 3FDC394617983CF400638467 /* ViewController.m */; };
		3FDC394A17983CF400638467 /* ViewController_iPhone.xib in Resources */ = {isa = PBXBuildFile; fileRef = 3FDC394817983CF400638467 /* ViewController_iPhone.xib */; };
		3FDC395D17983D5600638467 /* cow-1.png in Resources */ = {isa = PBXBuildFile; fileRef = 3FDC395417983D5600638467 /* cow-1.png */; };
		3FDC395E17983D5600638467 /* cow-2.png in Resources */ = {isa = PBXBuildFile; fileRef = 3FDC395517983D5600638467 /* cow-2.png */; };
		3FDC395F17983D5600638467 /* cow-3.png in Resources */ = {isa = PBXBuildFile; fileRef = 3FDC395617983D5600638467 /* cow-3.png */; };
		3FDC396017983D5600638467 /* cow-4.png in Resources */ = {isa = PBXBuildFile; fileRef = 3FDC395717983D5600638467 /* cow-4.png */; };
		3FDC396117983D5600638467 /* cow-5.png in Resources */ = {isa = PBXBuildFile; fileRef = 3FDC395817983D5600638467 /* cow-5.png */; };
		3FDC396217983D5600638467 /* cow-6.png in Resources */ = {isa = PBXBuildFile; fileRef = 3FDC395917983D5600638467 /* cow-6.png */; };
		3FDC396417983D5600638467 /* icon.png in Resources */ = {isa = PBXBuildFile; fileRef = 3FDC395B17983D5600638467 /* icon.png */; };
		3FF77478179864700004CF1C /* CowSoundController.m in Sources */ = {isa = PBXBuildFile; fileRef = 3FF77477179864700004CF1C /* CowSoundController.m */; };
		3FF7747B179864BA0004CF1C /* CowBackdropController.m in Sources */ = {isa = PBXBuildFile; fileRef = 3FF7747A179864BA0004CF1C /* CowBackdropController.m */; };
		3FF7747D179866170004CF1C /* backdrop.png in Resources */ = {isa = PBXBuildFile; fileRef = 3FF7747C179866170004CF1C /* backdrop.png */; };
		3FF7747F17986A830004CF1C /* audio-1.wav in Resources */ = {isa = PBXBuildFile; fileRef = 3FF7747E17986A830004CF1C /* audio-1.wav */; };
		3FF7748517986AFF0004CF1C /* audio-2.wav in Resources */ = {isa = PBXBuildFile; fileRef = 3FF7748017986AFF0004CF1C /* audio-2.wav */; };
		3FF7748617986AFF0004CF1C /* audio-3.wav in Resources */ = {isa = PBXBuildFile; fileRef = 3FF7748117986AFF0004CF1C /* audio-3.wav */; };
		3FF7748717986AFF0004CF1C /* cow-0.png in Resources */ = {isa = PBXBuildFile; fileRef = 3FF7748217986AFF0004CF1C /* cow-0.png */; };
		3FF7748817986AFF0004CF1C /* cow-7.png in Resources */ = {isa = PBXBuildFile; fileRef = 3FF7748317986AFF0004CF1C /* cow-7.png */; };
		3FF7748917986AFF0004CF1C /* cow-8.png in Resources */ = {isa = PBXBuildFile; fileRef = 3FF7748417986AFF0004CF1C /* cow-8.png */; };
		BF548DC81798D25F00E71EC9 /* AVFoundation.framework in Frameworks */ = {isa = PBXBuildFile; fileRef = BF548DC71798D25F00E71EC9 /* AVFoundation.framework */; };
/* End PBXBuildFile section */

/* Begin PBXFileReference section */
		3F875ABB1798587500827786 /* CowController.h */ = {isa = PBXFileReference; fileEncoding = 4; lastKnownFileType = sourcecode.c.h; path = CowController.h; sourceTree = "<group>"; };
		3F875ABC179858BD00827786 /* CowController.m */ = {isa = PBXFileReference; fileEncoding = 4; lastKnownFileType = sourcecode.c.objc; path = CowController.m; sourceTree = "<group>"; };
		3FDC392A17983CF400638467 /* CowGame.app */ = {isa = PBXFileReference; explicitFileType = wrapper.application; includeInIndex = 0; path = CowGame.app; sourceTree = BUILT_PRODUCTS_DIR; };
		3FDC392D17983CF400638467 /* UIKit.framework */ = {isa = PBXFileReference; lastKnownFileType = wrapper.framework; name = UIKit.framework; path = System/Library/Frameworks/UIKit.framework; sourceTree = SDKROOT; };
		3FDC392F17983CF400638467 /* Foundation.framework */ = {isa = PBXFileReference; lastKnownFileType = wrapper.framework; name = Foundation.framework; path = System/Library/Frameworks/Foundation.framework; sourceTree = SDKROOT; };
		3FDC393117983CF400638467 /* CoreGraphics.framework */ = {isa = PBXFileReference; lastKnownFileType = wrapper.framework; name = CoreGraphics.framework; path = System/Library/Frameworks/CoreGraphics.framework; sourceTree = SDKROOT; };
		3FDC393517983CF400638467 /* CowGame-Info.plist */ = {isa = PBXFileReference; lastKnownFileType = text.plist.xml; path = "CowGame-Info.plist"; sourceTree = "<group>"; };
		3FDC393717983CF400638467 /* en */ = {isa = PBXFileReference; lastKnownFileType = text.plist.strings; name = en; path = en.lproj/InfoPlist.strings; sourceTree = "<group>"; };
		3FDC393917983CF400638467 /* main.m */ = {isa = PBXFileReference; lastKnownFileType = sourcecode.c.objc; path = main.m; sourceTree = "<group>"; };
		3FDC393B17983CF400638467 /* CowGame-Prefix.pch */ = {isa = PBXFileReference; lastKnownFileType = sourcecode.c.h; path = "CowGame-Prefix.pch"; sourceTree = "<group>"; };
		3FDC393C17983CF400638467 /* AppDelegate.h */ = {isa = PBXFileReference; lastKnownFileType = sourcecode.c.h; path = AppDelegate.h; sourceTree = "<group>"; };
		3FDC393D17983CF400638467 /* AppDelegate.m */ = {isa = PBXFileReference; lastKnownFileType = sourcecode.c.objc; path = AppDelegate.m; sourceTree = "<group>"; };
		3FDC393F17983CF400638467 /* Default.png */ = {isa = PBXFileReference; lastKnownFileType = image.png; path = Default.png; sourceTree = "<group>"; };
		3FDC394117983CF400638467 /* Default@2x.png */ = {isa = PBXFileReference; lastKnownFileType = image.png; path = "Default@2x.png"; sourceTree = "<group>"; };
		3FDC394317983CF400638467 /* Default-568h@2x.png */ = {isa = PBXFileReference; lastKnownFileType = image.png; path = "Default-568h@2x.png"; sourceTree = "<group>"; };
		3FDC394517983CF400638467 /* ViewController.h */ = {isa = PBXFileReference; lastKnownFileType = sourcecode.c.h; path = ViewController.h; sourceTree = "<group>"; };
		3FDC394617983CF400638467 /* ViewController.m */ = {isa = PBXFileReference; lastKnownFileType = sourcecode.c.objc; path = ViewController.m; sourceTree = "<group>"; };
		3FDC394917983CF400638467 /* en */ = {isa = PBXFileReference; lastKnownFileType = file.xib; name = en; path = en.lproj/ViewController_iPhone.xib; sourceTree = "<group>"; };
		3FDC395417983D5600638467 /* cow-1.png */ = {isa = PBXFileReference; lastKnownFileType = image.png; path = "cow-1.png"; sourceTree = "<group>"; };
		3FDC395517983D5600638467 /* cow-2.png */ = {isa = PBXFileReference; lastKnownFileType = image.png; path = "cow-2.png"; sourceTree = "<group>"; };
		3FDC395617983D5600638467 /* cow-3.png */ = {isa = PBXFileReference; lastKnownFileType = image.png; path = "cow-3.png"; sourceTree = "<group>"; };
		3FDC395717983D5600638467 /* cow-4.png */ = {isa = PBXFileReference; lastKnownFileType = image.png; path = "cow-4.png"; sourceTree = "<group>"; };
		3FDC395817983D5600638467 /* cow-5.png */ = {isa = PBXFileReference; lastKnownFileType = image.png; path = "cow-5.png"; sourceTree = "<group>"; };
		3FDC395917983D5600638467 /* cow-6.png */ = {isa = PBXFileReference; lastKnownFileType = image.png; path = "cow-6.png"; sourceTree = "<group>"; };
		3FDC395B17983D5600638467 /* icon.png */ = {isa = PBXFileReference; lastKnownFileType = image.png; path = icon.png; sourceTree = "<group>"; };
		3FF77476179864700004CF1C /* CowSoundController.h */ = {isa = PBXFileReference; fileEncoding = 4; lastKnownFileType = sourcecode.c.h; path = CowSoundController.h; sourceTree = "<group>"; };
		3FF77477179864700004CF1C /* CowSoundController.m */ = {isa = PBXFileReference; fileEncoding = 4; lastKnownFileType = sourcecode.c.objc; path = CowSoundController.m; sourceTree = "<group>"; };
		3FF77479179864BA0004CF1C /* CowBackdropController.h */ = {isa = PBXFileReference; fileEncoding = 4; lastKnownFileType = sourcecode.c.h; path = CowBackdropController.h; sourceTree = "<group>"; };
		3FF7747A179864BA0004CF1C /* CowBackdropController.m */ = {isa = PBXFileReference; fileEncoding = 4; lastKnownFileType = sourcecode.c.objc; path = CowBackdropController.m; sourceTree = "<group>"; };
		3FF7747C179866170004CF1C /* backdrop.png */ = {isa = PBXFileReference; lastKnownFileType = image.png; path = backdrop.png; sourceTree = "<group>"; };
		3FF7747E17986A830004CF1C /* audio-1.wav */ = {isa = PBXFileReference; lastKnownFileType = audio.wav; path = "audio-1.wav"; sourceTree = "<group>"; };
		3FF7748017986AFF0004CF1C /* audio-2.wav */ = {isa = PBXFileReference; lastKnownFileType = audio.wav; path = "audio-2.wav"; sourceTree = "<group>"; };
		3FF7748117986AFF0004CF1C /* audio-3.wav */ = {isa = PBXFileReference; lastKnownFileType = audio.wav; path = "audio-3.wav"; sourceTree = "<group>"; };
		3FF7748217986AFF0004CF1C /* cow-0.png */ = {isa = PBXFileReference; lastKnownFileType = image.png; path = "cow-0.png"; sourceTree = "<group>"; };
		3FF7748317986AFF0004CF1C /* cow-7.png */ = {isa = PBXFileReference; lastKnownFileType = image.png; path = "cow-7.png"; sourceTree = "<group>"; };
		3FF7748417986AFF0004CF1C /* cow-8.png */ = {isa = PBXFileReference; lastKnownFileType = image.png; path = "cow-8.png"; sourceTree = "<group>"; };
		BF548DC71798D25F00E71EC9 /* AVFoundation.framework */ = {isa = PBXFileReference; lastKnownFileType = wrapper.framework; name = AVFoundation.framework; path = System/Library/Frameworks/AVFoundation.framework; sourceTree = SDKROOT; };
/* End PBXFileReference section */

/* Begin PBXFrameworksBuildPhase section */
		3FDC392717983CF400638467 /* Frameworks */ = {
			isa = PBXFrameworksBuildPhase;
			buildActionMask = 2147483647;
			files = (
				BF548DC81798D25F00E71EC9 /* AVFoundation.framework in Frameworks */,
				3FDC392E17983CF400638467 /* UIKit.framework in Frameworks */,
				3FDC393017983CF400638467 /* Foundation.framework in Frameworks */,
				3FDC393217983CF400638467 /* CoreGraphics.framework in Frameworks */,
			);
			runOnlyForDeploymentPostprocessing = 0;
		};
/* End PBXFrameworksBuildPhase section */

/* Begin PBXGroup section */
		3FDC392117983CF400638467 = {
			isa = PBXGroup;
			children = (
				BF548DC71798D25F00E71EC9 /* AVFoundation.framework */,
				3FDC393317983CF400638467 /* CowGame */,
				3FDC392C17983CF400638467 /* Frameworks */,
				3FDC392B17983CF400638467 /* Products */,
			);
			sourceTree = "<group>";
		};
		3FDC392B17983CF400638467 /* Products */ = {
			isa = PBXGroup;
			children = (
				3FDC392A17983CF400638467 /* CowGame.app */,
			);
			name = Products;
			sourceTree = "<group>";
		};
		3FDC392C17983CF400638467 /* Frameworks */ = {
			isa = PBXGroup;
			children = (
				3FDC392D17983CF400638467 /* UIKit.framework */,
				3FDC392F17983CF400638467 /* Foundation.framework */,
				3FDC393117983CF400638467 /* CoreGraphics.framework */,
			);
			name = Frameworks;
			sourceTree = "<group>";
		};
		3FDC393317983CF400638467 /* CowGame */ = {
			isa = PBXGroup;
			children = (
				3F875ABB1798587500827786 /* CowController.h */,
				3F875ABC179858BD00827786 /* CowController.m */,
				3FF77476179864700004CF1C /* CowSoundController.h */,
				3FF77477179864700004CF1C /* CowSoundController.m */,
				3FF77479179864BA0004CF1C /* CowBackdropController.h */,
				3FF7747A179864BA0004CF1C /* CowBackdropController.m */,
				3FDC393C17983CF400638467 /* AppDelegate.h */,
				3FDC393D17983CF400638467 /* AppDelegate.m */,
				3FDC394517983CF400638467 /* ViewController.h */,
				3FDC394617983CF400638467 /* ViewController.m */,
				3FDC394817983CF400638467 /* ViewController_iPhone.xib */,
				3FDC393417983CF400638467 /* Supporting Files */,
			);
			path = CowGame;
			sourceTree = "<group>";
		};
		3FDC393417983CF400638467 /* Supporting Files */ = {
			isa = PBXGroup;
			children = (
				3FDC395317983D5600638467 /* assets */,
				3FDC393517983CF400638467 /* CowGame-Info.plist */,
				3FDC393617983CF400638467 /* InfoPlist.strings */,
				3FDC393917983CF400638467 /* main.m */,
				3FDC393B17983CF400638467 /* CowGame-Prefix.pch */,
				3FDC393F17983CF400638467 /* Default.png */,
				3FDC394117983CF400638467 /* Default@2x.png */,
				3FDC394317983CF400638467 /* Default-568h@2x.png */,
			);
			name = "Supporting Files";
			sourceTree = "<group>";
		};
		3FDC395317983D5600638467 /* assets */ = {
			isa = PBXGroup;
			children = (
				3FF7747E17986A830004CF1C /* audio-1.wav */,
				3FF7748017986AFF0004CF1C /* audio-2.wav */,
				3FF7748117986AFF0004CF1C /* audio-3.wav */,
				3FF7747C179866170004CF1C /* backdrop.png */,
				3FF7748217986AFF0004CF1C /* cow-0.png */,
				3FDC395417983D5600638467 /* cow-1.png */,
				3FDC395517983D5600638467 /* cow-2.png */,
				3FDC395617983D5600638467 /* cow-3.png */,
				3FDC395717983D5600638467 /* cow-4.png */,
				3FDC395817983D5600638467 /* cow-5.png */,
				3FDC395917983D5600638467 /* cow-6.png */,
				3FF7748317986AFF0004CF1C /* cow-7.png */,
				3FF7748417986AFF0004CF1C /* cow-8.png */,
				3FDC395B17983D5600638467 /* icon.png */,
			);
			path = assets;
			sourceTree = "<group>";
		};
/* End PBXGroup section */

/* Begin PBXNativeTarget section */
		3FDC392917983CF400638467 /* CowGame */ = {
			isa = PBXNativeTarget;
			buildConfigurationList = 3FDC395017983CF400638467 /* Build configuration list for PBXNativeTarget "CowGame" */;
			buildPhases = (
				3FDC392617983CF400638467 /* Sources */,
				3FDC392717983CF400638467 /* Frameworks */,
				3FDC392817983CF400638467 /* Resources */,
			);
			buildRules = (
			);
			dependencies = (
			);
			name = CowGame;
			productName = CowGame;
			productReference = 3FDC392A17983CF400638467 /* CowGame.app */;
			productType = "com.apple.product-type.application";
		};
/* End PBXNativeTarget section */

/* Begin PBXProject section */
		3FDC392217983CF400638467 /* Project object */ = {
			isa = PBXProject;
			attributes = {
				LastUpgradeCheck = 0460;
				ORGANIZATIONNAME = edu.foothill;
			};
			buildConfigurationList = 3FDC392517983CF400638467 /* Build configuration list for PBXProject "CowGame" */;
			compatibilityVersion = "Xcode 3.2";
			developmentRegion = English;
			hasScannedForEncodings = 0;
			knownRegions = (
				en,
			);
			mainGroup = 3FDC392117983CF400638467;
			productRefGroup = 3FDC392B17983CF400638467 /* Products */;
			projectDirPath = "";
			projectRoot = "";
			targets = (
				3FDC392917983CF400638467 /* CowGame */,
			);
		};
/* End PBXProject section */

/* Begin PBXResourcesBuildPhase section */
		3FDC392817983CF400638467 /* Resources */ = {
			isa = PBXResourcesBuildPhase;
			buildActionMask = 2147483647;
			files = (
				3FDC393817983CF400638467 /* InfoPlist.strings in Resources */,
				3FDC394017983CF400638467 /* Default.png in Resources */,
				3FDC394217983CF400638467 /* Default@2x.png in Resources */,
				3FDC394417983CF400638467 /* Default-568h@2x.png in Resources */,
				3FDC394A17983CF400638467 /* ViewController_iPhone.xib in Resources */,
				3FDC395D17983D5600638467 /* cow-1.png in Resources */,
				3FDC395E17983D5600638467 /* cow-2.png in Resources */,
				3FDC395F17983D5600638467 /* cow-3.png in Resources */,
				3FDC396017983D5600638467 /* cow-4.png in Resources */,
				3FDC396117983D5600638467 /* cow-5.png in Resources */,
				3FDC396217983D5600638467 /* cow-6.png in Resources */,
				3FDC396417983D5600638467 /* icon.png in Resources */,
				3FF7747D179866170004CF1C /* backdrop.png in Resources */,
				3FF7747F17986A830004CF1C /* audio-1.wav in Resources */,
				3FF7748517986AFF0004CF1C /* audio-2.wav in Resources */,
				3FF7748617986AFF0004CF1C /* audio-3.wav in Resources */,
				3FF7748717986AFF0004CF1C /* cow-0.png in Resources */,
				3FF7748817986AFF0004CF1C /* cow-7.png in Resources */,
				3FF7748917986AFF0004CF1C /* cow-8.png in Resources */,
			);
			runOnlyForDeploymentPostprocessing = 0;
		};
/* End PBXResourcesBuildPhase section */

/* Begin PBXSourcesBuildPhase section */
		3FDC392617983CF400638467 /* Sources */ = {
			isa = PBXSourcesBuildPhase;
			buildActionMask = 2147483647;
			files = (
				3FDC393A17983CF400638467 /* main.m in Sources */,
				3FDC393E17983CF400638467 /* AppDelegate.m in Sources */,
				3FDC394717983CF400638467 /* ViewController.m in Sources */,
				3F875ABD179858BD00827786 /* CowController.m in Sources */,
				3FF77478179864700004CF1C /* CowSoundController.m in Sources */,
				3FF7747B179864BA0004CF1C /* CowBackdropController.m in Sources */,
			);
			runOnlyForDeploymentPostprocessing = 0;
		};
/* End PBXSourcesBuildPhase section */

/* Begin PBXVariantGroup section */
		3FDC393617983CF400638467 /* InfoPlist.strings */ = {
			isa = PBXVariantGroup;
			children = (
				3FDC393717983CF400638467 /* en */,
			);
			name = InfoPlist.strings;
			sourceTree = "<group>";
		};
		3FDC394817983CF400638467 /* ViewController_iPhone.xib */ = {
			isa = PBXVariantGroup;
			children = (
				3FDC394917983CF400638467 /* en */,
			);
			name = ViewController_iPhone.xib;
			sourceTree = "<group>";
		};
/* End PBXVariantGroup section */

/* Begin XCBuildConfiguration section */
		3FDC394E17983CF400638467 /* Debug */ = {
			isa = XCBuildConfiguration;
			buildSettings = {
				ALWAYS_SEARCH_USER_PATHS = NO;
				CLANG_CXX_LANGUAGE_STANDARD = "gnu++0x";
				CLANG_CXX_LIBRARY = "libc++";
				CLANG_ENABLE_OBJC_ARC = YES;
				CLANG_WARN_CONSTANT_CONVERSION = YES;
				CLANG_WARN_EMPTY_BODY = YES;
				CLANG_WARN_ENUM_CONVERSION = YES;
				CLANG_WARN_INT_CONVERSION = YES;
				CLANG_WARN__DUPLICATE_METHOD_MATCH = YES;
				"CODE_SIGN_IDENTITY[sdk=iphoneos*]" = "iPhone Developer";
				COPY_PHASE_STRIP = NO;
				GCC_C_LANGUAGE_STANDARD = gnu99;
				GCC_DYNAMIC_NO_PIC = NO;
				GCC_OPTIMIZATION_LEVEL = 0;
				GCC_PREPROCESSOR_DEFINITIONS = (
					"DEBUG=1",
					"$(inherited)",
				);
				GCC_SYMBOLS_PRIVATE_EXTERN = NO;
				GCC_WARN_ABOUT_RETURN_TYPE = YES;
				GCC_WARN_UNINITIALIZED_AUTOS = YES;
				GCC_WARN_UNUSED_VARIABLE = YES;
				IPHONEOS_DEPLOYMENT_TARGET = 6.1;
				ONLY_ACTIVE_ARCH = YES;
				SDKROOT = iphoneos;
				TARGETED_DEVICE_FAMILY = "1,2";
			};
			name = Debug;
		};
		3FDC394F17983CF400638467 /* Release */ = {
			isa = XCBuildConfiguration;
			buildSettings = {
				ALWAYS_SEARCH_USER_PATHS = NO;
				CLANG_CXX_LANGUAGE_STANDARD = "gnu++0x";
				CLANG_CXX_LIBRARY = "libc++";
				CLANG_ENABLE_OBJC_ARC = YES;
				CLANG_WARN_CONSTANT_CONVERSION = YES;
				CLANG_WARN_EMPTY_BODY = YES;
				CLANG_WARN_ENUM_CONVERSION = YES;
				CLANG_WARN_INT_CONVERSION = YES;
				CLANG_WARN__DUPLICATE_METHOD_MATCH = YES;
				"CODE_SIGN_IDENTITY[sdk=iphoneos*]" = "iPhone Developer";
				COPY_PHASE_STRIP = YES;
				GCC_C_LANGUAGE_STANDARD = gnu99;
				GCC_WARN_ABOUT_RETURN_TYPE = YES;
				GCC_WARN_UNINITIALIZED_AUTOS = YES;
				GCC_WARN_UNUSED_VARIABLE = YES;
				IPHONEOS_DEPLOYMENT_TARGET = 6.1;
				OTHER_CFLAGS = "-DNS_BLOCK_ASSERTIONS=1";
				SDKROOT = iphoneos;
				TARGETED_DEVICE_FAMILY = "1,2";
				VALIDATE_PRODUCT = YES;
			};
			name = Release;
		};
		3FDC395117983CF400638467 /* Debug */ = {
			isa = XCBuildConfiguration;
			buildSettings = {
				GCC_PRECOMPILE_PREFIX_HEADER = YES;
				GCC_PREFIX_HEADER = "CowGame/CowGame-Prefix.pch";
				INFOPLIST_FILE = "CowGame/CowGame-Info.plist";
				PRODUCT_NAME = "$(TARGET_NAME)";
				WRAPPER_EXTENSION = app;
			};
			name = Debug;
		};
		3FDC395217983CF400638467 /* Release */ = {
			isa = XCBuildConfiguration;
			buildSettings = {
				GCC_PRECOMPILE_PREFIX_HEADER = YES;
				GCC_PREFIX_HEADER = "CowGame/CowGame-Prefix.pch";
				INFOPLIST_FILE = "CowGame/CowGame-Info.plist";
				PRODUCT_NAME = "$(TARGET_NAME)";
				WRAPPER_EXTENSION = app;
			};
			name = Release;
		};
/* End XCBuildConfiguration section */

/* Begin XCConfigurationList section */
		3FDC392517983CF400638467 /* Build configuration list for PBXProject "CowGame" */ = {
			isa = XCConfigurationList;
			buildConfigurations = (
				3FDC394E17983CF400638467 /* Debug */,
				3FDC394F17983CF400638467 /* Release */,
			);
			defaultConfigurationIsVisible = 0;
			defaultConfigurationName = Release;
		};
		3FDC395017983CF400638467 /* Build configuration list for PBXNativeTarget "CowGame" */ = {
			isa = XCConfigurationList;
			buildConfigurations = (
				3FDC395117983CF400638467 /* Debug */,
				3FDC395217983CF400638467 /* Release */,
			);
			defaultConfigurationIsVisible = 0;
			defaultConfigurationName = Release;
		};
/* End XCConfigurationList section */
	};
	rootObject = 3FDC392217983CF400638467 /* Project object */;
}
